
Microsoft Visual Studio Solution File, Format Version 12.00
# Visual Studio Version 17
VisualStudioVersion = 17.7.34031.279
MinimumVisualStudioVersion = 10.0.40219.1
Project("{FAE04EC0-301F-11D3-BF4B-00C04F79EFBC}") = "Lab01_ATM", "Lab01_ATM\Lab01_ATM.csproj", "{FDC9300C-2FE4-4F69-8489-25DE9294C26B}"
EndProject
Global
	GlobalSection(SolutionConfigurationPlatforms) = preSolution
		Debug|Any CPU = Debug|Any CPU
		Release|Any CPU = Release|Any CPU
	EndGlobalSection
	GlobalSection(ProjectConfigurationPlatforms) = postSolution
		{FDC9300C-2FE4-4F69-8489-25DE9294C26B}.Debug|Any CPU.ActiveCfg = Debug|Any CPU
		{FDC9300C-2FE4-4F69-8489-25DE9294C26B}.Debug|Any CPU.Build.0 = Debug|Any CPU
		{FDC9300C-2FE4-4F69-8489-25DE9294C26B}.Release|Any CPU.ActiveCfg = Release|Any CPU
		{FDC9300C-2FE4-4F69-8489-25DE9294C26B}.Release|Any CPU.Build.0 = Release|Any CPU
	EndGlobalSection
	GlobalSection(SolutionProperties) = preSolution
		HideSolutionNode = FALSE
	EndGlobalSection
	GlobalSection(ExtensibilityGlobals) = postSolution
		SolutionGuid = {1EB0E323-C506-4CA0-975F-C70A7FEF89FC}
	EndGlobalSection
EndGlobal
